
Microsoft Visual Studio Solution File, Format Version 12.00
# Visual Studio 15
VisualStudioVersion = 15.0.28307.1622
MinimumVisualStudioVersion = 10.0.40219.1
Project("{F184B08F-C81C-45F6-A57F-5ABD9991F28F}") = "ERP Update", "ERP Update\ERP Update.vbproj", "{952D7462-4BA7-4692-93C1-746757445219}"
EndProject
Project("{F184B08F-C81C-45F6-A57F-5ABD9991F28F}") = "Update Checker", "UpdateChecker\Update Checker.vbproj", "{6EB5D3C2-B91B-426C-821E-72E3E8611833}"
EndProject
Project("{F184B08F-C81C-45F6-A57F-5ABD9991F28F}") = "YJ Login", "YJ Login\YJ Login.vbproj", "{72445919-C6FA-40AC-B151-AB0511E0DF5F}"
EndProject
Project("{F184B08F-C81C-45F6-A57F-5ABD9991F28F}") = "YJ MMS MMPS", "YJ MMS MMPS\YJ MMS MMPS.vbproj", "{2094697A-6D50-4D96-B664-F156DD281547}"
EndProject
Project("{F184B08F-C81C-45F6-A57F-5ABD9991F28F}") = "Repair System", "Repair System\Repair System.vbproj", "{C0011924-6884-4CF3-9483-CD0DA0147E09}"
EndProject
Project("{F184B08F-C81C-45F6-A57F-5ABD9991F28F}") = "YJ MMS", "YJ MMS\YJ MMS.vbproj", "{987B3840-9630-4C98-98E4-2CC946DE1CAD}"
EndProject
Project("{54435603-DBB4-11D2-8724-00A0C9A8B90C}") = "YJ MMS V2 Setup", "YJ MMS V2 Setup\YJ MMS V2 Setup.vdproj", "{E68E9AFB-52C6-4D6D-A968-B4F222897782}"
EndProject
Project("{F184B08F-C81C-45F6-A57F-5ABD9991F28F}") = "Message Server", "Message Server\Message Server.vbproj", "{CEA662B0-15A6-4E54-A544-2C2F73D1B000}"
EndProject
Project("{FAE04EC0-301F-11D3-BF4B-00C04F79EFBC}") = "ARIAEngine", "ARIAEngine\ARIAEngine.csproj", "{FBFF1A87-D791-4A6A-BC10-251FE84B6AF7}"
EndProject
Global
	GlobalSection(SolutionConfigurationPlatforms) = preSolution
		Debug|Any CPU = Debug|Any CPU
		Debug|x86 = Debug|x86
		Release|Any CPU = Release|Any CPU
		Release|x86 = Release|x86
	EndGlobalSection
	GlobalSection(ProjectConfigurationPlatforms) = postSolution
		{952D7462-4BA7-4692-93C1-746757445219}.Debug|Any CPU.ActiveCfg = Debug|Any CPU
		{952D7462-4BA7-4692-93C1-746757445219}.Debug|Any CPU.Build.0 = Debug|Any CPU
		{952D7462-4BA7-4692-93C1-746757445219}.Debug|x86.ActiveCfg = Debug|x86
		{952D7462-4BA7-4692-93C1-746757445219}.Debug|x86.Build.0 = Debug|x86
		{952D7462-4BA7-4692-93C1-746757445219}.Release|Any CPU.ActiveCfg = Release|Any CPU
		{952D7462-4BA7-4692-93C1-746757445219}.Release|Any CPU.Build.0 = Release|Any CPU
		{952D7462-4BA7-4692-93C1-746757445219}.Release|x86.ActiveCfg = Release|x86
		{952D7462-4BA7-4692-93C1-746757445219}.Release|x86.Build.0 = Release|x86
		{6EB5D3C2-B91B-426C-821E-72E3E8611833}.Debug|Any CPU.ActiveCfg = Debug|Any CPU
		{6EB5D3C2-B91B-426C-821E-72E3E8611833}.Debug|Any CPU.Build.0 = Debug|Any CPU
		{6EB5D3C2-B91B-426C-821E-72E3E8611833}.Debug|x86.ActiveCfg = Debug|Any CPU
		{6EB5D3C2-B91B-426C-821E-72E3E8611833}.Debug|x86.Build.0 = Debug|Any CPU
		{6EB5D3C2-B91B-426C-821E-72E3E8611833}.Release|Any CPU.ActiveCfg = Release|Any CPU
		{6EB5D3C2-B91B-426C-821E-72E3E8611833}.Release|Any CPU.Build.0 = Release|Any CPU
		{6EB5D3C2-B91B-426C-821E-72E3E8611833}.Release|x86.ActiveCfg = Release|Any CPU
		{6EB5D3C2-B91B-426C-821E-72E3E8611833}.Release|x86.Build.0 = Release|Any CPU
		{72445919-C6FA-40AC-B151-AB0511E0DF5F}.Debug|Any CPU.ActiveCfg = Debug|Any CPU
		{72445919-C6FA-40AC-B151-AB0511E0DF5F}.Debug|Any CPU.Build.0 = Debug|Any CPU
		{72445919-C6FA-40AC-B151-AB0511E0DF5F}.Debug|x86.ActiveCfg = Debug|Any CPU
		{72445919-C6FA-40AC-B151-AB0511E0DF5F}.Debug|x86.Build.0 = Debug|Any CPU
		{72445919-C6FA-40AC-B151-AB0511E0DF5F}.Release|Any CPU.ActiveCfg = Release|Any CPU
		{72445919-C6FA-40AC-B151-AB0511E0DF5F}.Release|Any CPU.Build.0 = Release|Any CPU
		{72445919-C6FA-40AC-B151-AB0511E0DF5F}.Release|x86.ActiveCfg = Release|Any CPU
		{72445919-C6FA-40AC-B151-AB0511E0DF5F}.Release|x86.Build.0 = Release|Any CPU
		{2094697A-6D50-4D96-B664-F156DD281547}.Debug|Any CPU.ActiveCfg = Debug|Any CPU
		{2094697A-6D50-4D96-B664-F156DD281547}.Debug|Any CPU.Build.0 = Debug|Any CPU
		{2094697A-6D50-4D96-B664-F156DD281547}.Debug|x86.ActiveCfg = Debug|Any CPU
		{2094697A-6D50-4D96-B664-F156DD281547}.Debug|x86.Build.0 = Debug|Any CPU
		{2094697A-6D50-4D96-B664-F156DD281547}.Release|Any CPU.ActiveCfg = Release|Any CPU
		{2094697A-6D50-4D96-B664-F156DD281547}.Release|Any CPU.Build.0 = Release|Any CPU
		{2094697A-6D50-4D96-B664-F156DD281547}.Release|x86.ActiveCfg = Release|Any CPU
		{2094697A-6D50-4D96-B664-F156DD281547}.Release|x86.Build.0 = Release|Any CPU
		{C0011924-6884-4CF3-9483-CD0DA0147E09}.Debug|Any CPU.ActiveCfg = Debug|Any CPU
		{C0011924-6884-4CF3-9483-CD0DA0147E09}.Debug|Any CPU.Build.0 = Debug|Any CPU
		{C0011924-6884-4CF3-9483-CD0DA0147E09}.Debug|x86.ActiveCfg = Debug|Any CPU
		{C0011924-6884-4CF3-9483-CD0DA0147E09}.Debug|x86.Build.0 = Debug|Any CPU
		{C0011924-6884-4CF3-9483-CD0DA0147E09}.Release|Any CPU.ActiveCfg = Release|Any CPU
		{C0011924-6884-4CF3-9483-CD0DA0147E09}.Release|Any CPU.Build.0 = Release|Any CPU
		{C0011924-6884-4CF3-9483-CD0DA0147E09}.Release|x86.ActiveCfg = Release|Any CPU
		{C0011924-6884-4CF3-9483-CD0DA0147E09}.Release|x86.Build.0 = Release|Any CPU
		{987B3840-9630-4C98-98E4-2CC946DE1CAD}.Debug|Any CPU.ActiveCfg = Debug|Any CPU
		{987B3840-9630-4C98-98E4-2CC946DE1CAD}.Debug|Any CPU.Build.0 = Debug|Any CPU
		{987B3840-9630-4C98-98E4-2CC946DE1CAD}.Debug|x86.ActiveCfg = Debug|Any CPU
		{987B3840-9630-4C98-98E4-2CC946DE1CAD}.Debug|x86.Build.0 = Debug|Any CPU
		{987B3840-9630-4C98-98E4-2CC946DE1CAD}.Release|Any CPU.ActiveCfg = Release|Any CPU
		{987B3840-9630-4C98-98E4-2CC946DE1CAD}.Release|Any CPU.Build.0 = Release|Any CPU
		{987B3840-9630-4C98-98E4-2CC946DE1CAD}.Release|x86.ActiveCfg = Release|Any CPU
		{987B3840-9630-4C98-98E4-2CC946DE1CAD}.Release|x86.Build.0 = Release|Any CPU
		{E68E9AFB-52C6-4D6D-A968-B4F222897782}.Debug|Any CPU.ActiveCfg = Debug
		{E68E9AFB-52C6-4D6D-A968-B4F222897782}.Debug|x86.ActiveCfg = Debug
		{E68E9AFB-52C6-4D6D-A968-B4F222897782}.Release|Any CPU.ActiveCfg = Release
		{E68E9AFB-52C6-4D6D-A968-B4F222897782}.Release|x86.ActiveCfg = Release
		{CEA662B0-15A6-4E54-A544-2C2F73D1B000}.Debug|Any CPU.ActiveCfg = Debug|Any CPU
		{CEA662B0-15A6-4E54-A544-2C2F73D1B000}.Debug|Any CPU.Build.0 = Debug|Any CPU
		{CEA662B0-15A6-4E54-A544-2C2F73D1B000}.Debug|x86.ActiveCfg = Debug|Any CPU
		{CEA662B0-15A6-4E54-A544-2C2F73D1B000}.Debug|x86.Build.0 = Debug|Any CPU
		{CEA662B0-15A6-4E54-A544-2C2F73D1B000}.Release|Any CPU.ActiveCfg = Release|Any CPU
		{CEA662B0-15A6-4E54-A544-2C2F73D1B000}.Release|Any CPU.Build.0 = Release|Any CPU
		{CEA662B0-15A6-4E54-A544-2C2F73D1B000}.Release|x86.ActiveCfg = Release|Any CPU
		{CEA662B0-15A6-4E54-A544-2C2F73D1B000}.Release|x86.Build.0 = Release|Any CPU
		{FBFF1A87-D791-4A6A-BC10-251FE84B6AF7}.Debug|Any CPU.ActiveCfg = Debug|Any CPU
		{FBFF1A87-D791-4A6A-BC10-251FE84B6AF7}.Debug|Any CPU.Build.0 = Debug|Any CPU
		{FBFF1A87-D791-4A6A-BC10-251FE84B6AF7}.Debug|x86.ActiveCfg = Debug|Any CPU
		{FBFF1A87-D791-4A6A-BC10-251FE84B6AF7}.Debug|x86.Build.0 = Debug|Any CPU
		{FBFF1A87-D791-4A6A-BC10-251FE84B6AF7}.Release|Any CPU.ActiveCfg = Release|Any CPU
		{FBFF1A87-D791-4A6A-BC10-251FE84B6AF7}.Release|Any CPU.Build.0 = Release|Any CPU
		{FBFF1A87-D791-4A6A-BC10-251FE84B6AF7}.Release|x86.ActiveCfg = Release|Any CPU
		{FBFF1A87-D791-4A6A-BC10-251FE84B6AF7}.Release|x86.Build.0 = Release|Any CPU
	EndGlobalSection
	GlobalSection(SolutionProperties) = preSolution
		HideSolutionNode = FALSE
	EndGlobalSection
	GlobalSection(ExtensibilityGlobals) = postSolution
		SolutionGuid = {771588BA-73D6-4BB5-B357-3640F04D3343}
	EndGlobalSection
EndGlobal
